{
  "name": "shipi",
  "version": "1.0.0",
  "lockfileVersion": 2,
  "requires": true,
  "packages": {
    "": {
      "name": "shipi",
      "version": "1.0.0",
      "license": "ISC",
      "dependencies": {
        "animate.css": "^4.1.1",
        "css-resetter": "^1.2.3"
      }
    },
    "node_modules/animate.css": {
      "version": "4.1.1",
      "resolved": "https://registry.npmjs.org/animate.css/-/animate.css-4.1.1.tgz",
      "integrity": "sha512-+mRmCTv6SbCmtYJCN4faJMNFVNN5EuCTTprDTAo7YzIGji2KADmakjVA3+8mVDkZ2Bf09vayB35lSQIex2+QaQ=="
    },
    "node_modules/css-resetter": {
      "version": "1.2.3",
      "resolved": "https://registry.npmjs.org/css-resetter/-/css-resetter-1.2.3.tgz",
      "integrity": "sha512-fGoO9gyNBbaAqbFEE3FETqKPgas6vC5UxatJKPz5PnLBTG8b0TFaldtRGTx1Ad59ROnVqXwr70q8mBFRC6BZLQ=="
    }
  },
  "dependencies": {
    "animate.css": {
      "version": "4.1.1",
      "resolved": "https://registry.npmjs.org/animate.css/-/animate.css-4.1.1.tgz",
      "integrity": "sha512-+mRmCTv6SbCmtYJCN4faJMNFVNN5EuCTTprDTAo7YzIGji2KADmakjVA3+8mVDkZ2Bf09vayB35lSQIex2+QaQ=="
    },
    "css-resetter": {
      "version": "1.2.3",
      "resolved": "https://registry.npmjs.org/css-resetter/-/css-resetter-1.2.3.tgz",
      "integrity": "sha512-fGoO9gyNBbaAqbFEE3FETqKPgas6vC5UxatJKPz5PnLBTG8b0TFaldtRGTx1Ad59ROnVqXwr70q8mBFRC6BZLQ=="
    }
  }
}
